lockfileVersion: '9.0'

settings:
  autoInstallPeers: true
  excludeLinksFromLockfile: false

importers:

  .:
    dependencies:
      '@mark1russell7/client':
        specifier: github:mark1russell7/client#main
        version: https://codeload.github.com/mark1russell7/client/tar.gz/daacbeaf61d3910b32c71b5e1bd42083776efb0b(zod@3.25.76)
      '@mark1russell7/client-dag':
        specifier: github:mark1russell7/client-dag#main
        version: https://codeload.github.com/mark1russell7/client-dag/tar.gz/13b4829a2b3ac4c96bf189c54efda0e35430c473
      '@mark1russell7/client-fs':
        specifier: github:mark1russell7/client-fs#main
        version: https://codeload.github.com/mark1russell7/client-fs/tar.gz/ba67efb7437aedd6fac4f00ced5768f2cf2e397a
      '@mark1russell7/client-git':
        specifier: github:mark1russell7/client-git#main
        version: https://codeload.github.com/mark1russell7/client-git/tar.gz/169527b6aef1985a34cfd24f37a10b15f7bb72b3
      '@mark1russell7/client-pnpm':
        specifier: github:mark1russell7/client-pnpm#main
        version: https://codeload.github.com/mark1russell7/client-pnpm/tar.gz/11cda4e26255311a87fce58e71f5ade907f6b2c4
      '@mark1russell7/client-shell':
        specifier: github:mark1russell7/client-shell#main
        version: https://codeload.github.com/mark1russell7/client-shell/tar.gz/5cc94b427a608861ff92476743df5d0c013eacb4
      ts-morph:
        specifier: ^24.0.0
        version: 24.0.0
      zod:
        specifier: ^3.24.0
        version: 3.25.76
    devDependencies:
      '@mark1russell7/cue':
        specifier: github:mark1russell7/cue#main
        version: https://codeload.github.com/mark1russell7/cue/tar.gz/a5971a5188da0ff656bcd228084a68d3f378b3c8
      '@types/node':
        specifier: ^22.0.0
        version: 22.19.3
      typescript:
        specifier: ^5.9.3
        version: 5.9.3

packages:

  '@mark1russell7/client-dag@https://codeload.github.com/mark1russell7/client-dag/tar.gz/13b4829a2b3ac4c96bf189c54efda0e35430c473':
    resolution: {tarball: https://codeload.github.com/mark1russell7/client-dag/tar.gz/13b4829a2b3ac4c96bf189c54efda0e35430c473}
    version: 0.0.0

  '@mark1russell7/client-fs@https://codeload.github.com/mark1russell7/client-fs/tar.gz/ba67efb7437aedd6fac4f00ced5768f2cf2e397a':
    resolution: {tarball: https://codeload.github.com/mark1russell7/client-fs/tar.gz/ba67efb7437aedd6fac4f00ced5768f2cf2e397a}
    version: 1.0.0

  '@mark1russell7/client-git@https://codeload.github.com/mark1russell7/client-git/tar.gz/169527b6aef1985a34cfd24f37a10b15f7bb72b3':
    resolution: {tarball: https://codeload.github.com/mark1russell7/client-git/tar.gz/169527b6aef1985a34cfd24f37a10b15f7bb72b3}
    version: 1.0.0

  '@mark1russell7/client-pnpm@https://codeload.github.com/mark1russell7/client-pnpm/tar.gz/11cda4e26255311a87fce58e71f5ade907f6b2c4':
    resolution: {tarball: https://codeload.github.com/mark1russell7/client-pnpm/tar.gz/11cda4e26255311a87fce58e71f5ade907f6b2c4}
    version: 1.0.0

  '@mark1russell7/client-shell@https://codeload.github.com/mark1russell7/client-shell/tar.gz/5cc94b427a608861ff92476743df5d0c013eacb4':
    resolution: {tarball: https://codeload.github.com/mark1russell7/client-shell/tar.gz/5cc94b427a608861ff92476743df5d0c013eacb4}
    version: 0.0.0

  '@mark1russell7/client@https://codeload.github.com/mark1russell7/client/tar.gz/daacbeaf61d3910b32c71b5e1bd42083776efb0b':
    resolution: {tarball: https://codeload.github.com/mark1russell7/client/tar.gz/daacbeaf61d3910b32c71b5e1bd42083776efb0b}
    version: 1.0.0
    engines: {node: '>=20'}
    hasBin: true
    peerDependencies:
      express: ^4.0.0 || ^5.0.0
      zod: ^3.0.0
    peerDependenciesMeta:
      express:
        optional: true
      zod:
        optional: true

  '@mark1russell7/cue@https://codeload.github.com/mark1russell7/cue/tar.gz/a5971a5188da0ff656bcd228084a68d3f378b3c8':
    resolution: {tarball: https://codeload.github.com/mark1russell7/cue/tar.gz/a5971a5188da0ff656bcd228084a68d3f378b3c8}
    version: 1.0.0
    engines: {node: '>=25.0.0', npm: '>=11.0.0'}
    hasBin: true

  '@ts-morph/common@0.25.0':
    resolution: {integrity: sha512-kMnZz+vGGHi4GoHnLmMhGNjm44kGtKUXGnOvrKmMwAuvNjM/PgKVGfUnL7IDvK7Jb2QQ82jq3Zmp04Gy+r3Dkg==}

  '@types/node@22.19.3':
    resolution: {integrity: sha512-1N9SBnWYOJTrNZCdh/yJE+t910Y128BoyY+zBLWhL3r0TYzlTmFdXrPwHL9DyFZmlEXNQQolTZh3KHV31QDhyA==}

  balanced-match@1.0.2:
    resolution: {integrity: sha512-3oSeUO0TMV67hN1AmbXsK4yaqU7tjiHlbxRDZOpH0KW9+CeX4bRAaX0Anxt0tx2MrpRpWwQaPwIlISEJhYU5Pw==}

  brace-expansion@2.0.2:
    resolution: {integrity: sha512-Jt0vHyM+jmUBqojB7E1NIYadt0vI0Qxjxd2TErW94wDz+E2LAm5vKMXXwg6ZZBTHPuUlDgQHKXvjGBdfcF1ZDQ==}

  code-block-writer@13.0.3:
    resolution: {integrity: sha512-Oofo0pq3IKnsFtuHqSF7TqBfr71aeyZDVJ0HpmqB7FBM2qEigL0iPONSCZSO9pE9dZTAxANe5XHG9Uy0YMv8cg==}

  fdir@6.5.0:
    resolution: {integrity: sha512-tIbYtZbucOs0BRGqPJkshJUYdL+SDH7dVM8gjy+ERp3WAUjLEFJE+02kanyHtwjWOnwrKYBiwAmM0p4kLJAnXg==}
    engines: {node: '>=12.0.0'}
    peerDependencies:
      picomatch: ^3 || ^4
    peerDependenciesMeta:
      picomatch:
        optional: true

  minimatch@9.0.5:
    resolution: {integrity: sha512-G6T0ZX48xgozx7587koeX9Ys2NYy6Gmv//P89sEte9V9whIapMNF4idKxnW2QtCcLiTWlb/wfCabAtAFWhhBow==}
    engines: {node: '>=16 || 14 >=14.17'}

  path-browserify@1.0.1:
    resolution: {integrity: sha512-b7uo2UCUOYZcnF/3ID0lulOJi/bafxa1xPe7ZPsammBSpjSWQkjNxlt635YGS2MiR9GjvuXCtz2emr3jbsz98g==}

  picomatch@4.0.3:
    resolution: {integrity: sha512-5gTmgEY/sqK6gFXLIsQNH19lWb4ebPDLA4SdLP7dsWkIXHWlG66oPuVvXSGFPppYZz8ZDZq0dYYrbHfBCVUb1Q==}
    engines: {node: '>=12'}

  tinyglobby@0.2.15:
    resolution: {integrity: sha512-j2Zq4NyQYG5XMST4cbs02Ak8iJUdxRM0XI5QyxXuZOzKOINmWurp3smXu3y5wDcJrptwpSjgXHzIQxR0omXljQ==}
    engines: {node: '>=12.0.0'}

  ts-morph@24.0.0:
    resolution: {integrity: sha512-2OAOg/Ob5yx9Et7ZX4CvTCc0UFoZHwLEJ+dpDPSUi5TgwwlTlX47w+iFRrEwzUZwYACjq83cgjS/Da50Ga37uw==}

  typescript@5.9.3:
    resolution: {integrity: sha512-jl1vZzPDinLr9eUt3J/t7V6FgNEw9QjvBPdysz9KfQDD41fQrC2Y4vKQdiaUpFT4bXlb1RHhLpp8wtm6M5TgSw==}
    engines: {node: '>=14.17'}
    hasBin: true

  undici-types@6.21.0:
    resolution: {integrity: sha512-iwDZqg0QAGrg9Rav5H4n0M64c3mkR59cJ6wQp+7C4nI0gsmExaedaYLNO44eT4AtBBwjbTiGPMlt2Md0T9H9JQ==}

  ws@8.18.3:
    resolution: {integrity: sha512-PEIGCY5tSlUt50cqyMXfCzX+oOPqN0vuGqWzbcJ2xvnkzkq46oOpz7dQaTDBdfICb4N14+GARUDw2XV2N4tvzg==}
    engines: {node: '>=10.0.0'}
    peerDependencies:
      bufferutil: ^4.0.1
      utf-8-validate: '>=5.0.2'
    peerDependenciesMeta:
      bufferutil:
        optional: true
      utf-8-validate:
        optional: true

  zod@3.25.76:
    resolution: {integrity: sha512-gzUt/qt81nXsFGKIFcC3YnfEAx5NkunCfnDlvuBSSFS02bcXu4Lmea0AFIUwbLWxWPx3d9p8S5QoaujKcNQxcQ==}

snapshots:

  '@mark1russell7/client-dag@https://codeload.github.com/mark1russell7/client-dag/tar.gz/13b4829a2b3ac4c96bf189c54efda0e35430c473': {}

  '@mark1russell7/client-fs@https://codeload.github.com/mark1russell7/client-fs/tar.gz/ba67efb7437aedd6fac4f00ced5768f2cf2e397a':
    dependencies:
      '@mark1russell7/client': https://codeload.github.com/mark1russell7/client/tar.gz/daacbeaf61d3910b32c71b5e1bd42083776efb0b(zod@3.25.76)
      zod: 3.25.76
    transitivePeerDependencies:
      - bufferutil
      - express
      - utf-8-validate

  '@mark1russell7/client-git@https://codeload.github.com/mark1russell7/client-git/tar.gz/169527b6aef1985a34cfd24f37a10b15f7bb72b3':
    dependencies:
      '@mark1russell7/client': https://codeload.github.com/mark1russell7/client/tar.gz/daacbeaf61d3910b32c71b5e1bd42083776efb0b(zod@3.25.76)
      zod: 3.25.76
    transitivePeerDependencies:
      - bufferutil
      - express
      - utf-8-validate

  '@mark1russell7/client-pnpm@https://codeload.github.com/mark1russell7/client-pnpm/tar.gz/11cda4e26255311a87fce58e71f5ade907f6b2c4':
    dependencies:
      '@mark1russell7/client': https://codeload.github.com/mark1russell7/client/tar.gz/daacbeaf61d3910b32c71b5e1bd42083776efb0b(zod@3.25.76)
      '@mark1russell7/client-shell': https://codeload.github.com/mark1russell7/client-shell/tar.gz/5cc94b427a608861ff92476743df5d0c013eacb4
      zod: 3.25.76
    transitivePeerDependencies:
      - bufferutil
      - express
      - utf-8-validate

  '@mark1russell7/client-shell@https://codeload.github.com/mark1russell7/client-shell/tar.gz/5cc94b427a608861ff92476743df5d0c013eacb4':
    dependencies:
      '@mark1russell7/client': https://codeload.github.com/mark1russell7/client/tar.gz/daacbeaf61d3910b32c71b5e1bd42083776efb0b(zod@3.25.76)
      zod: 3.25.76
    transitivePeerDependencies:
      - bufferutil
      - express
      - utf-8-validate

  '@mark1russell7/client@https://codeload.github.com/mark1russell7/client/tar.gz/daacbeaf61d3910b32c71b5e1bd42083776efb0b(zod@3.25.76)':
    dependencies:
      ws: 8.18.3
    optionalDependencies:
      zod: 3.25.76
    transitivePeerDependencies:
      - bufferutil
      - utf-8-validate

  '@mark1russell7/cue@https://codeload.github.com/mark1russell7/cue/tar.gz/a5971a5188da0ff656bcd228084a68d3f378b3c8': {}

  '@ts-morph/common@0.25.0':
    dependencies:
      minimatch: 9.0.5
      path-browserify: 1.0.1
      tinyglobby: 0.2.15

  '@types/node@22.19.3':
    dependencies:
      undici-types: 6.21.0

  balanced-match@1.0.2: {}

  brace-expansion@2.0.2:
    dependencies:
      balanced-match: 1.0.2

  code-block-writer@13.0.3: {}

  fdir@6.5.0(picomatch@4.0.3):
    optionalDependencies:
      picomatch: 4.0.3

  minimatch@9.0.5:
    dependencies:
      brace-expansion: 2.0.2

  path-browserify@1.0.1: {}

  picomatch@4.0.3: {}

  tinyglobby@0.2.15:
    dependencies:
      fdir: 6.5.0(picomatch@4.0.3)
      picomatch: 4.0.3

  ts-morph@24.0.0:
    dependencies:
      '@ts-morph/common': 0.25.0
      code-block-writer: 13.0.3

  typescript@5.9.3: {}

  undici-types@6.21.0: {}

  ws@8.18.3: {}

  zod@3.25.76: {}
